# THIS IS AN AUTOGENERATED FILE. DO NOT EDIT THIS FILE DIRECTLY.
# yarn lockfile v1


"@types/jquery@^3.3.38":
  version "3.3.38"
  resolved "https://registry.npm.taobao.org/@types/jquery/download/@types/jquery-3.3.38.tgz?cache=0&sync_timestamp=1588637834205&other_urls=https%3A%2F%2Fregistry.npm.taobao.org%2F%40types%2Fjquery%2Fdownload%2F%40types%2Fjquery-3.3.38.tgz#6385f1e1b30bd2bff55ae8ee75ea42a999cc3608"
  integrity sha1-Y4Xx4bML0r/1WujudepCqZnMNgg=
  dependencies:
    "@types/sizzle" "*"

"@types/sizzle@*":
  version "2.3.2"
  resolved "https://registry.npm.taobao.org/@types/sizzle/download/@types/sizzle-2.3.2.tgz?cache=0&sync_timestamp=1588201710389&other_urls=https%3A%2F%2Fregistry.npm.taobao.org%2F%40types%2Fsizzle%2Fdownload%2F%40types%2Fsizzle-2.3.2.tgz#a811b8c18e2babab7d542b3365887ae2e4d9de47"
  integrity sha1-qBG4wY4rq6t9VCszZYh64uTZ3kc=
